{
  "name": "forge-ui-starter",
  "version": "1.0.0",
  "lockfileVersion": 2,
  "requires": true,
  "packages": {
    "": {
      "name": "forge-ui-starter",
      "version": "1.0.0",
      "license": "MIT",
      "dependencies": {
        "@forge/api": "^1.0.1",
        "@forge/bridge": "^1.5.0",
        "@forge/resolver": "^1.1.0",
        "oauth2orize": "^1.11.0",
        "substr-word": "^1.0.1"
      },
      "devDependencies": {
        "eslint-plugin-react-hooks": "^2.1.2"
      }
    },
    "node_modules/@forge/api": {
      "version": "1.0.1",
      "resolved": "https://registry.npmjs.org/@forge/api/-/api-1.0.1.tgz",
      "integrity": "sha512-Eto2A36jVZlzVYlZfl1yDDIXGozzS2cHUcC4wtIWWVglhIju/wMiISfSVqZr80GSByw5O42F6YKC4sIZKsBYzA==",
      "dependencies": {
        "@forge/storage": "^1.0.1",
        "@types/node-fetch": "^2.5.7",
        "node-fetch": "^2.6.1"
      },
      "engines": {
        "node": "^12"
      }
    },
    "node_modules/@forge/bridge": {
      "version": "1.5.0",
      "resolved": "https://registry.npmjs.org/@forge/bridge/-/bridge-1.5.0.tgz",
      "integrity": "sha512-k6XJr5obaWxIgeeNIM1Up1X2E/mYuVtbxgWshWeqeMlk+ndNIjS2l2FAOcun1W1XHY9g13SueNOwLbXHCm9lYw==",
      "dependencies": {
        "@types/history": "^4.7.8"
      }
    },
    "node_modules/@forge/resolver": {
      "version": "1.1.0",
      "resolved": "https://registry.npmjs.org/@forge/resolver/-/resolver-1.1.0.tgz",
      "integrity": "sha512-nAFual5CdSLeoHjuEjDF7ceblb3w1fPEoIOkCoxeYZwEdvGUAzJhK4dBgTvj5xogMd5BR0d1flz4rW9h79uWlQ==",
      "dependencies": {
        "@forge/api": "1.0.1"
      },
      "engines": {
        "node": "^12"
      }
    },
    "node_modules/@forge/storage": {
      "version": "1.0.1",
      "resolved": "https://registry.npmjs.org/@forge/storage/-/storage-1.0.1.tgz",
      "integrity": "sha512-B9ZAIewicJzC3MzM+CUegTtXoYg7I5ecryPMLdXxPcMXRFvrEO6x8iBRp/JCb08mGaJM+ycxSKvpQV7oY0xSRw==",
      "engines": {
        "node": "^12"
      }
    },
    "node_modules/@types/history": {
      "version": "4.7.8",
      "resolved": "https://registry.npmjs.org/@types/history/-/history-4.7.8.tgz",
      "integrity": "sha512-S78QIYirQcUoo6UJZx9CSP0O2ix9IaeAXwQi26Rhr/+mg7qqPy8TzaxHSUut7eGjL8WmLccT7/MXf304WjqHcA=="
    },
    "node_modules/@types/node": {
      "version": "14.14.33",
      "resolved": "https://registry.npmjs.org/@types/node/-/node-14.14.33.tgz",
      "integrity": "sha512-oJqcTrgPUF29oUP8AsUqbXGJNuPutsetaa9kTQAQce5Lx5dTYWV02ScBiT/k1BX/Z7pKeqedmvp39Wu4zR7N7g=="
    },
    "node_modules/@types/node-fetch": {
      "version": "2.5.8",
      "resolved": "https://registry.npmjs.org/@types/node-fetch/-/node-fetch-2.5.8.tgz",
      "integrity": "sha512-fbjI6ja0N5ZA8TV53RUqzsKNkl9fv8Oj3T7zxW7FGv1GSH7gwJaNF8dzCjrqKaxKeUpTz4yT1DaJFq/omNpGfw==",
      "dependencies": {
        "@types/node": "*",
        "form-data": "^3.0.0"
      }
    },
    "node_modules/asynckit": {
      "version": "0.4.0",
      "resolved": "https://registry.npmjs.org/asynckit/-/asynckit-0.4.0.tgz",
      "integrity": "sha1-x57Zf380y48robyXkLzDZkdLS3k="
    },
    "node_modules/combined-stream": {
      "version": "1.0.8",
      "resolved": "https://registry.npmjs.org/combined-stream/-/combined-stream-1.0.8.tgz",
      "integrity": "sha512-FQN4MRfuJeHf7cBbBMJFXhKSDq+2kAArBlmRBvcvFE5BB1HZKXtSFASDhdlz9zOYwxh8lDdnvmMOe/+5cdoEdg==",
      "dependencies": {
        "delayed-stream": "~1.0.0"
      },
      "engines": {
        "node": ">= 0.8"
      }
    },
    "node_modules/debug": {
      "version": "2.6.9",
      "resolved": "https://registry.npmjs.org/debug/-/debug-2.6.9.tgz",
      "integrity": "sha512-bC7ElrdJaJnPbAP+1EotYvqZsb3ecl5wi6Bfi6BJTUcNowp6cvspg0jXznRTKDjm/E7AdgFBVeAPVMNcKGsHMA==",
      "dependencies": {
        "ms": "2.0.0"
      }
    },
    "node_modules/delayed-stream": {
      "version": "1.0.0",
      "resolved": "https://registry.npmjs.org/delayed-stream/-/delayed-stream-1.0.0.tgz",
      "integrity": "sha1-3zrhmayt+31ECqrgsp4icrJOxhk=",
      "engines": {
        "node": ">=0.4.0"
      }
    },
    "node_modules/eslint-plugin-react-hooks": {
      "version": "2.5.1",
      "resolved": "https://registry.npmjs.org/eslint-plugin-react-hooks/-/eslint-plugin-react-hooks-2.5.1.tgz",
      "integrity": "sha512-Y2c4b55R+6ZzwtTppKwSmK/Kar8AdLiC2f9NADCuxbcTgPPg41Gyqa6b9GppgXSvCtkRw43ZE86CT5sejKC6/g==",
      "dev": true,
      "engines": {
        "node": ">=7"
      }
    },
    "node_modules/form-data": {
      "version": "3.0.1",
      "resolved": "https://registry.npmjs.org/form-data/-/form-data-3.0.1.tgz",
      "integrity": "sha512-RHkBKtLWUVwd7SqRIvCZMEvAMoGUp0XU+seQiZejj0COz3RI3hWP4sCv3gZWWLjJTd7rGwcsF5eKZGii0r/hbg==",
      "dependencies": {
        "asynckit": "^0.4.0",
        "combined-stream": "^1.0.8",
        "mime-types": "^2.1.12"
      },
      "engines": {
        "node": ">= 6"
      }
    },
    "node_modules/mime-db": {
      "version": "1.46.0",
      "resolved": "https://registry.npmjs.org/mime-db/-/mime-db-1.46.0.tgz",
      "integrity": "sha512-svXaP8UQRZ5K7or+ZmfNhg2xX3yKDMUzqadsSqi4NCH/KomcH75MAMYAGVlvXn4+b/xOPhS3I2uHKRUzvjY7BQ==",
      "engines": {
        "node": ">= 0.6"
      }
    },
    "node_modules/mime-types": {
      "version": "2.1.29",
      "resolved": "https://registry.npmjs.org/mime-types/-/mime-types-2.1.29.tgz",
      "integrity": "sha512-Y/jMt/S5sR9OaqteJtslsFZKWOIIqMACsJSiHghlCAyhf7jfVYjKBmLiX8OgpWeW+fjJ2b+Az69aPFPkUOY6xQ==",
      "dependencies": {
        "mime-db": "1.46.0"
      },
      "engines": {
        "node": ">= 0.6"
      }
    },
    "node_modules/ms": {
      "version": "2.0.0",
      "resolved": "https://registry.npmjs.org/ms/-/ms-2.0.0.tgz",
      "integrity": "sha1-VgiurfwAvmwpAd9fmGF4jeDVl8g="
    },
    "node_modules/node-fetch": {
      "version": "2.6.1",
      "resolved": "https://registry.npmjs.org/node-fetch/-/node-fetch-2.6.1.tgz",
      "integrity": "sha512-V4aYg89jEoVRxRb2fJdAg8FHvI7cEyYdVAh94HH0UIK8oJxUfkjlDQN9RbMx+bEjP7+ggMiFRprSti032Oipxw==",
      "engines": {
        "node": "4.x || >=6.0.0"
      }
    },
    "node_modules/oauth2orize": {
      "version": "1.11.0",
      "resolved": "https://registry.npmjs.org/oauth2orize/-/oauth2orize-1.11.0.tgz",
      "integrity": "sha1-eTzvJR1F696sMq5AqLaBT6qx1IM=",
      "dependencies": {
        "debug": "2.x.x",
        "uid2": "0.0.x",
        "utils-merge": "1.x.x"
      },
      "engines": {
        "node": ">= 0.4.0"
      }
    },
    "node_modules/substr-word": {
      "version": "1.0.1",
      "resolved": "https://registry.npmjs.org/substr-word/-/substr-word-1.0.1.tgz",
      "integrity": "sha512-tfy/yJIAAnXkSYPC+Id7N9WvvpH0iH2cm3mwq+5N1ixMkf+GdvXVU63tiF8WoVGZJ2kcr4oyteH/7/cof4wBtw=="
    },
    "node_modules/uid2": {
      "version": "0.0.3",
      "resolved": "https://registry.npmjs.org/uid2/-/uid2-0.0.3.tgz",
      "integrity": "sha1-SDEm4Rd03y9xuLY53NeZw3YWK4I="
    },
    "node_modules/utils-merge": {
      "version": "1.0.1",
      "resolved": "https://registry.npmjs.org/utils-merge/-/utils-merge-1.0.1.tgz",
      "integrity": "sha1-n5VxD1CiZ5R7LMwSR0HBAoQn5xM=",
      "engines": {
        "node": ">= 0.4.0"
      }
    }
  },
  "dependencies": {
    "@forge/api": {
      "version": "1.0.1",
      "resolved": "https://registry.npmjs.org/@forge/api/-/api-1.0.1.tgz",
      "integrity": "sha512-Eto2A36jVZlzVYlZfl1yDDIXGozzS2cHUcC4wtIWWVglhIju/wMiISfSVqZr80GSByw5O42F6YKC4sIZKsBYzA==",
      "requires": {
        "@forge/storage": "^1.0.1",
        "@types/node-fetch": "^2.5.7",
        "node-fetch": "^2.6.1"
      }
    },
    "@forge/bridge": {
      "version": "1.5.0",
      "resolved": "https://registry.npmjs.org/@forge/bridge/-/bridge-1.5.0.tgz",
      "integrity": "sha512-k6XJr5obaWxIgeeNIM1Up1X2E/mYuVtbxgWshWeqeMlk+ndNIjS2l2FAOcun1W1XHY9g13SueNOwLbXHCm9lYw==",
      "requires": {
        "@types/history": "^4.7.8"
      }
    },
    "@forge/resolver": {
      "version": "1.1.0",
      "resolved": "https://registry.npmjs.org/@forge/resolver/-/resolver-1.1.0.tgz",
      "integrity": "sha512-nAFual5CdSLeoHjuEjDF7ceblb3w1fPEoIOkCoxeYZwEdvGUAzJhK4dBgTvj5xogMd5BR0d1flz4rW9h79uWlQ==",
      "requires": {
        "@forge/api": "1.0.1"
      }
    },
    "@forge/storage": {
      "version": "1.0.1",
      "resolved": "https://registry.npmjs.org/@forge/storage/-/storage-1.0.1.tgz",
      "integrity": "sha512-B9ZAIewicJzC3MzM+CUegTtXoYg7I5ecryPMLdXxPcMXRFvrEO6x8iBRp/JCb08mGaJM+ycxSKvpQV7oY0xSRw=="
    },
    "@types/history": {
      "version": "4.7.8",
      "resolved": "https://registry.npmjs.org/@types/history/-/history-4.7.8.tgz",
      "integrity": "sha512-S78QIYirQcUoo6UJZx9CSP0O2ix9IaeAXwQi26Rhr/+mg7qqPy8TzaxHSUut7eGjL8WmLccT7/MXf304WjqHcA=="
    },
    "@types/node": {
      "version": "14.14.33",
      "resolved": "https://registry.npmjs.org/@types/node/-/node-14.14.33.tgz",
      "integrity": "sha512-oJqcTrgPUF29oUP8AsUqbXGJNuPutsetaa9kTQAQce5Lx5dTYWV02ScBiT/k1BX/Z7pKeqedmvp39Wu4zR7N7g=="
    },
    "@types/node-fetch": {
      "version": "2.5.8",
      "resolved": "https://registry.npmjs.org/@types/node-fetch/-/node-fetch-2.5.8.tgz",
      "integrity": "sha512-fbjI6ja0N5ZA8TV53RUqzsKNkl9fv8Oj3T7zxW7FGv1GSH7gwJaNF8dzCjrqKaxKeUpTz4yT1DaJFq/omNpGfw==",
      "requires": {
        "@types/node": "*",
        "form-data": "^3.0.0"
      }
    },
    "asynckit": {
      "version": "0.4.0",
      "resolved": "https://registry.npmjs.org/asynckit/-/asynckit-0.4.0.tgz",
      "integrity": "sha1-x57Zf380y48robyXkLzDZkdLS3k="
    },
    "combined-stream": {
      "version": "1.0.8",
      "resolved": "https://registry.npmjs.org/combined-stream/-/combined-stream-1.0.8.tgz",
      "integrity": "sha512-FQN4MRfuJeHf7cBbBMJFXhKSDq+2kAArBlmRBvcvFE5BB1HZKXtSFASDhdlz9zOYwxh8lDdnvmMOe/+5cdoEdg==",
      "requires": {
        "delayed-stream": "~1.0.0"
      }
    },
    "debug": {
      "version": "2.6.9",
      "resolved": "https://registry.npmjs.org/debug/-/debug-2.6.9.tgz",
      "integrity": "sha512-bC7ElrdJaJnPbAP+1EotYvqZsb3ecl5wi6Bfi6BJTUcNowp6cvspg0jXznRTKDjm/E7AdgFBVeAPVMNcKGsHMA==",
      "requires": {
        "ms": "2.0.0"
      }
    },
    "delayed-stream": {
      "version": "1.0.0",
      "resolved": "https://registry.npmjs.org/delayed-stream/-/delayed-stream-1.0.0.tgz",
      "integrity": "sha1-3zrhmayt+31ECqrgsp4icrJOxhk="
    },
    "eslint-plugin-react-hooks": {
      "version": "2.5.1",
      "resolved": "https://registry.npmjs.org/eslint-plugin-react-hooks/-/eslint-plugin-react-hooks-2.5.1.tgz",
      "integrity": "sha512-Y2c4b55R+6ZzwtTppKwSmK/Kar8AdLiC2f9NADCuxbcTgPPg41Gyqa6b9GppgXSvCtkRw43ZE86CT5sejKC6/g==",
      "dev": true
    },
    "form-data": {
      "version": "3.0.1",
      "resolved": "https://registry.npmjs.org/form-data/-/form-data-3.0.1.tgz",
      "integrity": "sha512-RHkBKtLWUVwd7SqRIvCZMEvAMoGUp0XU+seQiZejj0COz3RI3hWP4sCv3gZWWLjJTd7rGwcsF5eKZGii0r/hbg==",
      "requires": {
        "asynckit": "^0.4.0",
        "combined-stream": "^1.0.8",
        "mime-types": "^2.1.12"
      }
    },
    "mime-db": {
      "version": "1.46.0",
      "resolved": "https://registry.npmjs.org/mime-db/-/mime-db-1.46.0.tgz",
      "integrity": "sha512-svXaP8UQRZ5K7or+ZmfNhg2xX3yKDMUzqadsSqi4NCH/KomcH75MAMYAGVlvXn4+b/xOPhS3I2uHKRUzvjY7BQ=="
    },
    "mime-types": {
      "version": "2.1.29",
      "resolved": "https://registry.npmjs.org/mime-types/-/mime-types-2.1.29.tgz",
      "integrity": "sha512-Y/jMt/S5sR9OaqteJtslsFZKWOIIqMACsJSiHghlCAyhf7jfVYjKBmLiX8OgpWeW+fjJ2b+Az69aPFPkUOY6xQ==",
      "requires": {
        "mime-db": "1.46.0"
      }
    },
    "ms": {
      "version": "2.0.0",
      "resolved": "https://registry.npmjs.org/ms/-/ms-2.0.0.tgz",
      "integrity": "sha1-VgiurfwAvmwpAd9fmGF4jeDVl8g="
    },
    "node-fetch": {
      "version": "2.6.1",
      "resolved": "https://registry.npmjs.org/node-fetch/-/node-fetch-2.6.1.tgz",
      "integrity": "sha512-V4aYg89jEoVRxRb2fJdAg8FHvI7cEyYdVAh94HH0UIK8oJxUfkjlDQN9RbMx+bEjP7+ggMiFRprSti032Oipxw=="
    },
    "oauth2orize": {
      "version": "1.11.0",
      "resolved": "https://registry.npmjs.org/oauth2orize/-/oauth2orize-1.11.0.tgz",
      "integrity": "sha1-eTzvJR1F696sMq5AqLaBT6qx1IM=",
      "requires": {
        "debug": "2.x.x",
        "uid2": "0.0.x",
        "utils-merge": "1.x.x"
      }
    },
    "substr-word": {
      "version": "1.0.1",
      "resolved": "https://registry.npmjs.org/substr-word/-/substr-word-1.0.1.tgz",
      "integrity": "sha512-tfy/yJIAAnXkSYPC+Id7N9WvvpH0iH2cm3mwq+5N1ixMkf+GdvXVU63tiF8WoVGZJ2kcr4oyteH/7/cof4wBtw=="
    },
    "uid2": {
      "version": "0.0.3",
      "resolved": "https://registry.npmjs.org/uid2/-/uid2-0.0.3.tgz",
      "integrity": "sha1-SDEm4Rd03y9xuLY53NeZw3YWK4I="
    },
    "utils-merge": {
      "version": "1.0.1",
      "resolved": "https://registry.npmjs.org/utils-merge/-/utils-merge-1.0.1.tgz",
      "integrity": "sha1-n5VxD1CiZ5R7LMwSR0HBAoQn5xM="
    }
  }
}
